
Microsoft Visual Studio Solution File, Format Version 12.00
# Visual Studio Version 17
VisualStudioVersion = 17.0.31919.166
MinimumVisualStudioVersion = 10.0.40219.1
Project("{FAE04EC0-301F-11D3-BF4B-00C04F79EFBC}") = "LixiBanff", "LixiBanff\LixiBanff.csproj", "{B7EB02FB-933A-452D-BA72-DD09B907CB5D}"
EndProject
Global
	GlobalSection(SolutionConfigurationPlatforms) = preSolution
		Debug|Any CPU = Debug|Any CPU
		Release|Any CPU = Release|Any CPU
	EndGlobalSection
	GlobalSection(ProjectConfigurationPlatforms) = postSolution
		{B7EB02FB-933A-452D-BA72-DD09B907CB5D}.Debug|Any CPU.ActiveCfg = Debug|Any CPU
		{B7EB02FB-933A-452D-BA72-DD09B907CB5D}.Debug|Any CPU.Build.0 = Debug|Any CPU
		{B7EB02FB-933A-452D-BA72-DD09B907CB5D}.Release|Any CPU.ActiveCfg = Release|Any CPU
		{B7EB02FB-933A-452D-BA72-DD09B907CB5D}.Release|Any CPU.Build.0 = Release|Any CPU
	EndGlobalSection
	GlobalSection(SolutionProperties) = preSolution
		HideSolutionNode = FALSE
	EndGlobalSection
	GlobalSection(ExtensibilityGlobals) = postSolution
		SolutionGuid = {73649BD3-1849-4722-BFA0-62ED4B13ADD3}
	EndGlobalSection
EndGlobal
